
Microsoft Visual Studio Solution File, Format Version 12.00
# Visual Studio 15
VisualStudioVersion = 15.0.28307.2017
MinimumVisualStudioVersion = 10.0.40219.1
Project("{FAE04EC0-301F-11D3-BF4B-00C04F79EFBC}") = "ContosoUniversity", "ContosoUniversity\ContosoUniversity.csproj", "{2601682E-9ED6-4D30-A4D9-A3BA26B03839}"
EndProject
Global
	GlobalSection(SolutionConfigurationPlatforms) = preSolution
		Debug|Any CPU = Debug|Any CPU
		Release|Any CPU = Release|Any CPU
	EndGlobalSection
	GlobalSection(ProjectConfigurationPlatforms) = postSolution
		{2601682E-9ED6-4D30-A4D9-A3BA26B03839}.Debug|Any CPU.ActiveCfg = Debug|Any CPU
		{2601682E-9ED6-4D30-A4D9-A3BA26B03839}.Debug|Any CPU.Build.0 = Debug|Any CPU
		{2601682E-9ED6-4D30-A4D9-A3BA26B03839}.Release|Any CPU.ActiveCfg = Release|Any CPU
		{2601682E-9ED6-4D30-A4D9-A3BA26B03839}.Release|Any CPU.Build.0 = Release|Any CPU
	EndGlobalSection
	GlobalSection(SolutionProperties) = preSolution
		HideSolutionNode = FALSE
	EndGlobalSection
	GlobalSection(ExtensibilityGlobals) = postSolution
		SolutionGuid = {517D4746-E3FE-4CE3-904C-2C2EEF8F6D52}
	EndGlobalSection
EndGlobal
